
Microsoft Visual Studio Solution File, Format Version 12.00
# Visual Studio 15
VisualStudioVersion = 15.0.28307.572
MinimumVisualStudioVersion = 10.0.40219.1
Project("{FAE04EC0-301F-11D3-BF4B-00C04F79EFBC}") = "sign-pdf-with-pfx-cert", "sign-pdf-with-pfx-cert\sign-pdf-with-pfx-cert.csproj", "{09CBB62E-4749-43A7-BD6B-094112B68B8C}"
EndProject
Project("{FAE04EC0-301F-11D3-BF4B-00C04F79EFBC}") = "SignPdfWithPfx", "SignPdfWithPfx\SignPdfWithPfx.csproj", "{983BD454-1649-4956-96D2-79B9EAC8A7F9}"
EndProject
Global
	GlobalSection(SolutionConfigurationPlatforms) = preSolution
		Debug|Any CPU = Debug|Any CPU
		Release|Any CPU = Release|Any CPU
	EndGlobalSection
	GlobalSection(ProjectConfigurationPlatforms) = postSolution
		{09CBB62E-4749-43A7-BD6B-094112B68B8C}.Debug|Any CPU.ActiveCfg = Debug|Any CPU
		{09CBB62E-4749-43A7-BD6B-094112B68B8C}.Debug|Any CPU.Build.0 = Debug|Any CPU
		{09CBB62E-4749-43A7-BD6B-094112B68B8C}.Release|Any CPU.ActiveCfg = Release|Any CPU
		{09CBB62E-4749-43A7-BD6B-094112B68B8C}.Release|Any CPU.Build.0 = Release|Any CPU
		{983BD454-1649-4956-96D2-79B9EAC8A7F9}.Debug|Any CPU.ActiveCfg = Debug|Any CPU
		{983BD454-1649-4956-96D2-79B9EAC8A7F9}.Debug|Any CPU.Build.0 = Debug|Any CPU
		{983BD454-1649-4956-96D2-79B9EAC8A7F9}.Release|Any CPU.ActiveCfg = Release|Any CPU
		{983BD454-1649-4956-96D2-79B9EAC8A7F9}.Release|Any CPU.Build.0 = Release|Any CPU
	EndGlobalSection
	GlobalSection(SolutionProperties) = preSolution
		HideSolutionNode = FALSE
	EndGlobalSection
	GlobalSection(ExtensibilityGlobals) = postSolution
		SolutionGuid = {2042789E-8F50-438A-933A-250EE0F36D39}
	EndGlobalSection
EndGlobal
